// !$*UTF8*$!
{
	archiveVersion = 1;
	classes = {
	};
	objectVersion = 46;
	objects = {

/* Begin PBXBuildFile section */
		F5CD23171A4115CB001BB829 /* main.m in Sources */ = {isa = PBXBuildFile; fileRef = F5CD23161A4115CB001BB829 /* main.m */; };
		F5CD231A1A4115CB001BB829 /* AppDelegate.m in Sources */ = {isa = PBXBuildFile; fileRef = F5CD23191A4115CB001BB829 /* AppDelegate.m */; };
		F5CD23221A4115CB001BB829 /* Images.xcassets in Resources */ = {isa = PBXBuildFile; fileRef = F5CD23211A4115CB001BB829 /* Images.xcassets */; };
		F5CD23311A4115CB001BB829 /* World_of_AirportsTests.m in Sources */ = {isa = PBXBuildFile; fileRef = F5CD23301A4115CB001BB829 /* World_of_AirportsTests.m */; };
		F5CD233D1A411716001BB829 /* MapViewController.m in Sources */ = {isa = PBXBuildFile; fileRef = F5CD233B1A411716001BB829 /* MapViewController.m */; };
		F5CD233E1A411716001BB829 /* MapViewController.xib in Resources */ = {isa = PBXBuildFile; fileRef = F5CD233C1A411716001BB829 /* MapViewController.xib */; };
		F5CD23401A411807001BB829 /* MapKit.framework in Frameworks */ = {isa = PBXBuildFile; fileRef = F5CD233F1A411807001BB829 /* MapKit.framework */; };
		F5CD23441A411BDD001BB829 /* WebService.m in Sources */ = {isa = PBXBuildFile; fileRef = F5CD23431A411BDD001BB829 /* WebService.m */; };
		F5CD23471A436A00001BB829 /* QueryLatLong.m in Sources */ = {isa = PBXBuildFile; fileRef = F5CD23461A436A00001BB829 /* QueryLatLong.m */; };
		F5CD234A1A437438001BB829 /* Location.m in Sources */ = {isa = PBXBuildFile; fileRef = F5CD23491A437438001BB829 /* Location.m */; };
/* End PBXBuildFile section */

/* Begin PBXContainerItemProxy section */
		F5CD232B1A4115CB001BB829 /* PBXContainerItemProxy */ = {
			isa = PBXContainerItemProxy;
			containerPortal = F5CD23091A4115CB001BB829 /* Project object */;
			proxyType = 1;
			remoteGlobalIDString = F5CD23101A4115CB001BB829;
			remoteInfo = "World of Airports";
		};
/* End PBXContainerItemProxy section */

/* Begin PBXFileReference section */
		F5CD23111A4115CB001BB829 /* World of Airports.app */ = {isa = PBXFileReference; explicitFileType = wrapper.application; includeInIndex = 0; path = "World of Airports.app"; sourceTree = BUILT_PRODUCTS_DIR; };
		F5CD23151A4115CB001BB829 /* Info.plist */ = {isa = PBXFileReference; lastKnownFileType = text.plist.xml; path = Info.plist; sourceTree = "<group>"; };
		F5CD23161A4115CB001BB829 /* main.m */ = {isa = PBXFileReference; lastKnownFileType = sourcecode.c.objc; path = main.m; sourceTree = "<group>"; };
		F5CD23181A4115CB001BB829 /* AppDelegate.h */ = {isa = PBXFileReference; lastKnownFileType = sourcecode.c.h; path = AppDelegate.h; sourceTree = "<group>"; };
		F5CD23191A4115CB001BB829 /* AppDelegate.m */ = {isa = PBXFileReference; lastKnownFileType = sourcecode.c.objc; path = AppDelegate.m; sourceTree = "<group>"; };
		F5CD23211A4115CB001BB829 /* Images.xcassets */ = {isa = PBXFileReference; lastKnownFileType = folder.assetcatalog; path = Images.xcassets; sourceTree = "<group>"; };
		F5CD232A1A4115CB001BB829 /* World of AirportsTests.xctest */ = {isa = PBXFileReference; explicitFileType = wrapper.cfbundle; includeInIndex = 0; path = "World of AirportsTests.xctest"; sourceTree = BUILT_PRODUCTS_DIR; };
		F5CD232F1A4115CB001BB829 /* Info.plist */ = {isa = PBXFileReference; lastKnownFileType = text.plist.xml; path = Info.plist; sourceTree = "<group>"; };
		F5CD23301A4115CB001BB829 /* World_of_AirportsTests.m */ = {isa = PBXFileReference; lastKnownFileType = sourcecode.c.objc; path = World_of_AirportsTests.m; sourceTree = "<group>"; };
		F5CD233A1A411716001BB829 /* MapViewController.h */ = {isa = PBXFileReference; fileEncoding = 4; lastKnownFileType = sourcecode.c.h; path = MapViewController.h; sourceTree = "<group>"; };
		F5CD233B1A411716001BB829 /* MapViewController.m */ = {isa = PBXFileReference; fileEncoding = 4; lastKnownFileType = sourcecode.c.objc; path = MapViewController.m; sourceTree = "<group>"; };
		F5CD233C1A411716001BB829 /* MapViewController.xib */ = {isa = PBXFileReference; fileEncoding = 4; lastKnownFileType = file.xib; path = MapViewController.xib; sourceTree = "<group>"; };
		F5CD233F1A411807001BB829 /* MapKit.framework */ = {isa = PBXFileReference; lastKnownFileType = wrapper.framework; name = MapKit.framework; path = System/Library/Frameworks/MapKit.framework; sourceTree = SDKROOT; };
		F5CD23411A411A77001BB829 /* WebServiceDelegate.h */ = {isa = PBXFileReference; lastKnownFileType = sourcecode.c.h; path = WebServiceDelegate.h; sourceTree = "<group>"; };
		F5CD23421A411BDD001BB829 /* WebService.h */ = {isa = PBXFileReference; fileEncoding = 4; lastKnownFileType = sourcecode.c.h; path = WebService.h; sourceTree = "<group>"; };
		F5CD23431A411BDD001BB829 /* WebService.m */ = {isa = PBXFileReference; fileEncoding = 4; lastKnownFileType = sourcecode.c.objc; path = WebService.m; sourceTree = "<group>"; };
		F5CD23451A436A00001BB829 /* QueryLatLong.h */ = {isa = PBXFileReference; fileEncoding = 4; lastKnownFileType = sourcecode.c.h; path = QueryLatLong.h; sourceTree = "<group>"; };
		F5CD23461A436A00001BB829 /* QueryLatLong.m */ = {isa = PBXFileReference; fileEncoding = 4; lastKnownFileType = sourcecode.c.objc; path = QueryLatLong.m; sourceTree = "<group>"; };
		F5CD23481A437438001BB829 /* Location.h */ = {isa = PBXFileReference; fileEncoding = 4; lastKnownFileType = sourcecode.c.h; path = Location.h; sourceTree = "<group>"; };
		F5CD23491A437438001BB829 /* Location.m */ = {isa = PBXFileReference; fileEncoding = 4; lastKnownFileType = sourcecode.c.objc; path = Location.m; sourceTree = "<group>"; };
/* End PBXFileReference section */

/* Begin PBXFrameworksBuildPhase section */
		F5CD230E1A4115CB001BB829 /* Frameworks */ = {
			isa = PBXFrameworksBuildPhase;
			buildActionMask = 2147483647;
			files = (
				F5CD23401A411807001BB829 /* MapKit.framework in Frameworks */,
			);
			runOnlyForDeploymentPostprocessing = 0;
		};
		F5CD23271A4115CB001BB829 /* Frameworks */ = {
			isa = PBXFrameworksBuildPhase;
			buildActionMask = 2147483647;
			files = (
			);
			runOnlyForDeploymentPostprocessing = 0;
		};
/* End PBXFrameworksBuildPhase section */

/* Begin PBXGroup section */
		F5CD23081A4115CB001BB829 = {
			isa = PBXGroup;
			children = (
				F5CD233F1A411807001BB829 /* MapKit.framework */,
				F5CD23131A4115CB001BB829 /* World of Airports */,
				F5CD232D1A4115CB001BB829 /* World of AirportsTests */,
				F5CD23121A4115CB001BB829 /* Products */,
			);
			sourceTree = "<group>";
		};
		F5CD23121A4115CB001BB829 /* Products */ = {
			isa = PBXGroup;
			children = (
				F5CD23111A4115CB001BB829 /* World of Airports.app */,
				F5CD232A1A4115CB001BB829 /* World of AirportsTests.xctest */,
			);
			name = Products;
			sourceTree = "<group>";
		};
		F5CD23131A4115CB001BB829 /* World of Airports */ = {
			isa = PBXGroup;
			children = (
				F5CD23141A4115CB001BB829 /* Supporting Files */,
				F5CD23181A4115CB001BB829 /* AppDelegate.h */,
				F5CD23191A4115CB001BB829 /* AppDelegate.m */,
				F5CD23481A437438001BB829 /* Location.h */,
				F5CD23491A437438001BB829 /* Location.m */,
				F5CD233A1A411716001BB829 /* MapViewController.h */,
				F5CD233B1A411716001BB829 /* MapViewController.m */,
				F5CD233C1A411716001BB829 /* MapViewController.xib */,
				F5CD23451A436A00001BB829 /* QueryLatLong.h */,
				F5CD23461A436A00001BB829 /* QueryLatLong.m */,
				F5CD23421A411BDD001BB829 /* WebService.h */,
				F5CD23431A411BDD001BB829 /* WebService.m */,
				F5CD23411A411A77001BB829 /* WebServiceDelegate.h */,
			);
			path = "World of Airports";
			sourceTree = "<group>";
		};
		F5CD23141A4115CB001BB829 /* Supporting Files */ = {
			isa = PBXGroup;
			children = (
				F5CD23211A4115CB001BB829 /* Images.xcassets */,
				F5CD23151A4115CB001BB829 /* Info.plist */,
				F5CD23161A4115CB001BB829 /* main.m */,
			);
			name = "Supporting Files";
			sourceTree = "<group>";
		};
		F5CD232D1A4115CB001BB829 /* World of AirportsTests */ = {
			isa = PBXGroup;
			children = (
				F5CD23301A4115CB001BB829 /* World_of_AirportsTests.m */,
				F5CD232E1A4115CB001BB829 /* Supporting Files */,
			);
			path = "World of AirportsTests";
			sourceTree = "<group>";
		};
		F5CD232E1A4115CB001BB829 /* Supporting Files */ = {
			isa = PBXGroup;
			children = (
				F5CD232F1A4115CB001BB829 /* Info.plist */,
			);
			name = "Supporting Files";
			sourceTree = "<group>";
		};
/* End PBXGroup section */

/* Begin PBXNativeTarget section */
		F5CD23101A4115CB001BB829 /* World of Airports */ = {
			isa = PBXNativeTarget;
			buildConfigurationList = F5CD23341A4115CB001BB829 /* Build configuration list for PBXNativeTarget "World of Airports" */;
			buildPhases = (
				F5CD230D1A4115CB001BB829 /* Sources */,
				F5CD230E1A4115CB001BB829 /* Frameworks */,
				F5CD230F1A4115CB001BB829 /* Resources */,
			);
			buildRules = (
			);
			dependencies = (
			);
			name = "World of Airports";
			productName = "World of Airports";
			productReference = F5CD23111A4115CB001BB829 /* World of Airports.app */;
			productType = "com.apple.product-type.application";
		};
		F5CD23291A4115CB001BB829 /* World of AirportsTests */ = {
			isa = PBXNativeTarget;
			buildConfigurationList = F5CD23371A4115CB001BB829 /* Build configuration list for PBXNativeTarget "World of AirportsTests" */;
			buildPhases = (
				F5CD23261A4115CB001BB829 /* Sources */,
				F5CD23271A4115CB001BB829 /* Frameworks */,
				F5CD23281A4115CB001BB829 /* Resources */,
			);
			buildRules = (
			);
			dependencies = (
				F5CD232C1A4115CB001BB829 /* PBXTargetDependency */,
			);
			name = "World of AirportsTests";
			productName = "World of AirportsTests";
			productReference = F5CD232A1A4115CB001BB829 /* World of AirportsTests.xctest */;
			productType = "com.apple.product-type.bundle.unit-test";
		};
/* End PBXNativeTarget section */

/* Begin PBXProject section */
		F5CD23091A4115CB001BB829 /* Project object */ = {
			isa = PBXProject;
			attributes = {
				LastUpgradeCheck = 0610;
				ORGANIZATIONNAME = NearChaos;
				TargetAttributes = {
					F5CD23101A4115CB001BB829 = {
						CreatedOnToolsVersion = 6.1.1;
					};
					F5CD23291A4115CB001BB829 = {
						CreatedOnToolsVersion = 6.1.1;
						TestTargetID = F5CD23101A4115CB001BB829;
					};
				};
			};
			buildConfigurationList = F5CD230C1A4115CB001BB829 /* Build configuration list for PBXProject "World of Airports" */;
			compatibilityVersion = "Xcode 3.2";
			developmentRegion = English;
			hasScannedForEncodings = 0;
			knownRegions = (
				en,
				Base,
			);
			mainGroup = F5CD23081A4115CB001BB829;
			productRefGroup = F5CD23121A4115CB001BB829 /* Products */;
			projectDirPath = "";
			projectRoot = "";
			targets = (
				F5CD23101A4115CB001BB829 /* World of Airports */,
				F5CD23291A4115CB001BB829 /* World of AirportsTests */,
			);
		};
/* End PBXProject section */

/* Begin PBXResourcesBuildPhase section */
		F5CD230F1A4115CB001BB829 /* Resources */ = {
			isa = PBXResourcesBuildPhase;
			buildActionMask = 2147483647;
			files = (
				F5CD23221A4115CB001BB829 /* Images.xcassets in Resources */,
				F5CD233E1A411716001BB829 /* MapViewController.xib in Resources */,
			);
			runOnlyForDeploymentPostprocessing = 0;
		};
		F5CD23281A4115CB001BB829 /* Resources */ = {
			isa = PBXResourcesBuildPhase;
			buildActionMask = 2147483647;
			files = (
			);
			runOnlyForDeploymentPostprocessing = 0;
		};
/* End PBXResourcesBuildPhase section */

/* Begin PBXSourcesBuildPhase section */
		F5CD230D1A4115CB001BB829 /* Sources */ = {
			isa = PBXSourcesBuildPhase;
			buildActionMask = 2147483647;
			files = (
				F5CD233D1A411716001BB829 /* MapViewController.m in Sources */,
				F5CD23471A436A00001BB829 /* QueryLatLong.m in Sources */,
				F5CD231A1A4115CB001BB829 /* AppDelegate.m in Sources */,
				F5CD23441A411BDD001BB829 /* WebService.m in Sources */,
				F5CD234A1A437438001BB829 /* Location.m in Sources */,
				F5CD23171A4115CB001BB829 /* main.m in Sources */,
			);
			runOnlyForDeploymentPostprocessing = 0;
		};
		F5CD23261A4115CB001BB829 /* Sources */ = {
			isa = PBXSourcesBuildPhase;
			buildActionMask = 2147483647;
			files = (
				F5CD23311A4115CB001BB829 /* World_of_AirportsTests.m in Sources */,
			);
			runOnlyForDeploymentPostprocessing = 0;
		};
/* End PBXSourcesBuildPhase section */

/* Begin PBXTargetDependency section */
		F5CD232C1A4115CB001BB829 /* PBXTargetDependency */ = {
			isa = PBXTargetDependency;
			target = F5CD23101A4115CB001BB829 /* World of Airports */;
			targetProxy = F5CD232B1A4115CB001BB829 /* PBXContainerItemProxy */;
		};
/* End PBXTargetDependency section */

/* Begin XCBuildConfiguration section */
		F5CD23321A4115CB001BB829 /* Debug */ = {
			isa = XCBuildConfiguration;
			buildSettings = {
				ALWAYS_SEARCH_USER_PATHS = NO;
				CLANG_CXX_LANGUAGE_STANDARD = "gnu++0x";
				CLANG_CXX_LIBRARY = "libc++";
				CLANG_ENABLE_MODULES = YES;
				CLANG_ENABLE_OBJC_ARC = YES;
				CLANG_WARN_BOOL_CONVERSION = YES;
				CLANG_WARN_CONSTANT_CONVERSION = YES;
				CLANG_WARN_DIRECT_OBJC_ISA_USAGE = YES_ERROR;
				CLANG_WARN_EMPTY_BODY = YES;
				CLANG_WARN_ENUM_CONVERSION = YES;
				CLANG_WARN_INT_CONVERSION = YES;
				CLANG_WARN_OBJC_ROOT_CLASS = YES_ERROR;
				CLANG_WARN_UNREACHABLE_CODE = YES;
				CLANG_WARN__DUPLICATE_METHOD_MATCH = YES;
				"CODE_SIGN_IDENTITY[sdk=iphoneos*]" = "iPhone Developer";
				COPY_PHASE_STRIP = NO;
				ENABLE_STRICT_OBJC_MSGSEND = YES;
				GCC_C_LANGUAGE_STANDARD = gnu99;
				GCC_DYNAMIC_NO_PIC = NO;
				GCC_OPTIMIZATION_LEVEL = 0;
				GCC_PREPROCESSOR_DEFINITIONS = (
					"DEBUG=1",
					"$(inherited)",
				);
				GCC_SYMBOLS_PRIVATE_EXTERN = NO;
				GCC_WARN_64_TO_32_BIT_CONVERSION = YES;
				GCC_WARN_ABOUT_RETURN_TYPE = YES_ERROR;
				GCC_WARN_UNDECLARED_SELECTOR = YES;
				GCC_WARN_UNINITIALIZED_AUTOS = YES_AGGRESSIVE;
				GCC_WARN_UNUSED_FUNCTION = YES;
				GCC_WARN_UNUSED_VARIABLE = YES;
				IPHONEOS_DEPLOYMENT_TARGET = 8.1;
				MTL_ENABLE_DEBUG_INFO = YES;
				ONLY_ACTIVE_ARCH = YES;
				SDKROOT = iphoneos;
				TARGETED_DEVICE_FAMILY = "1,2";
			};
			name = Debug;
		};
		F5CD23331A4115CB001BB829 /* Release */ = {
			isa = XCBuildConfiguration;
			buildSettings = {
				ALWAYS_SEARCH_USER_PATHS = NO;
				CLANG_CXX_LANGUAGE_STANDARD = "gnu++0x";
				CLANG_CXX_LIBRARY = "libc++";
				CLANG_ENABLE_MODULES = YES;
				CLANG_ENABLE_OBJC_ARC = YES;
				CLANG_WARN_BOOL_CONVERSION = YES;
				CLANG_WARN_CONSTANT_CONVERSION = YES;
				CLANG_WARN_DIRECT_OBJC_ISA_USAGE = YES_ERROR;
				CLANG_WARN_EMPTY_BODY = YES;
				CLANG_WARN_ENUM_CONVERSION = YES;
				CLANG_WARN_INT_CONVERSION = YES;
				CLANG_WARN_OBJC_ROOT_CLASS = YES_ERROR;
				CLANG_WARN_UNREACHABLE_CODE = YES;
				CLANG_WARN__DUPLICATE_METHOD_MATCH = YES;
				"CODE_SIGN_IDENTITY[sdk=iphoneos*]" = "iPhone Developer";
				COPY_PHASE_STRIP = YES;
				ENABLE_NS_ASSERTIONS = NO;
				ENABLE_STRICT_OBJC_MSGSEND = YES;
				GCC_C_LANGUAGE_STANDARD = gnu99;
				GCC_WARN_64_TO_32_BIT_CONVERSION = YES;
				GCC_WARN_ABOUT_RETURN_TYPE = YES_ERROR;
				GCC_WARN_UNDECLARED_SELECTOR = YES;
				GCC_WARN_UNINITIALIZED_AUTOS = YES_AGGRESSIVE;
				GCC_WARN_UNUSED_FUNCTION = YES;
				GCC_WARN_UNUSED_VARIABLE = YES;
				IPHONEOS_DEPLOYMENT_TARGET = 8.1;
				MTL_ENABLE_DEBUG_INFO = NO;
				SDKROOT = iphoneos;
				TARGETED_DEVICE_FAMILY = "1,2";
				VALIDATE_PRODUCT = YES;
			};
			name = Release;
		};
		F5CD23351A4115CB001BB829 /* Debug */ = {
			isa = XCBuildConfiguration;
			buildSettings = {
				ASSETCATALOG_COMPILER_APPICON_NAME = AppIcon;
				INFOPLIST_FILE = "World of Airports/Info.plist";
				LD_RUNPATH_SEARCH_PATHS = "$(inherited) @executable_path/Frameworks";
				PRODUCT_NAME = "$(TARGET_NAME)";
			};
			name = Debug;
		};
		F5CD23361A4115CB001BB829 /* Release */ = {
			isa = XCBuildConfiguration;
			buildSettings = {
				ASSETCATALOG_COMPILER_APPICON_NAME = AppIcon;
				INFOPLIST_FILE = "World of Airports/Info.plist";
				LD_RUNPATH_SEARCH_PATHS = "$(inherited) @executable_path/Frameworks";
				PRODUCT_NAME = "$(TARGET_NAME)";
			};
			name = Release;
		};
		F5CD23381A4115CB001BB829 /* Debug */ = {
			isa = XCBuildConfiguration;
			buildSettings = {
				BUNDLE_LOADER = "$(TEST_HOST)";
				FRAMEWORK_SEARCH_PATHS = (
					"$(SDKROOT)/Developer/Library/Frameworks",
					"$(inherited)",
				);
				GCC_PREPROCESSOR_DEFINITIONS = (
					"DEBUG=1",
					"$(inherited)",
				);
				INFOPLIST_FILE = "World of AirportsTests/Info.plist";
				LD_RUNPATH_SEARCH_PATHS = "$(inherited) @executable_path/Frameworks @loader_path/Frameworks";
				PRODUCT_NAME = "$(TARGET_NAME)";
				TEST_HOST = "$(BUILT_PRODUCTS_DIR)/World of Airports.app/World of Airports";
			};
			name = Debug;
		};
		F5CD23391A4115CB001BB829 /* Release */ = {
			isa = XCBuildConfiguration;
			buildSettings = {
				BUNDLE_LOADER = "$(TEST_HOST)";
				FRAMEWORK_SEARCH_PATHS = (
					"$(SDKROOT)/Developer/Library/Frameworks",
					"$(inherited)",
				);
				INFOPLIST_FILE = "World of AirportsTests/Info.plist";
				LD_RUNPATH_SEARCH_PATHS = "$(inherited) @executable_path/Frameworks @loader_path/Frameworks";
				PRODUCT_NAME = "$(TARGET_NAME)";
				TEST_HOST = "$(BUILT_PRODUCTS_DIR)/World of Airports.app/World of Airports";
			};
			name = Release;
		};
/* End XCBuildConfiguration section */

/* Begin XCConfigurationList section */
		F5CD230C1A4115CB001BB829 /* Build configuration list for PBXProject "World of Airports" */ = {
			isa = XCConfigurationList;
			buildConfigurations = (
				F5CD23321A4115CB001BB829 /* Debug */,
				F5CD23331A4115CB001BB829 /* Release */,
			);
			defaultConfigurationIsVisible = 0;
			defaultConfigurationName = Release;
		};
		F5CD23341A4115CB001BB829 /* Build configuration list for PBXNativeTarget "World of Airports" */ = {
			isa = XCConfigurationList;
			buildConfigurations = (
				F5CD23351A4115CB001BB829 /* Debug */,
				F5CD23361A4115CB001BB829 /* Release */,
			);
			defaultConfigurationIsVisible = 0;
		};
		F5CD23371A4115CB001BB829 /* Build configuration list for PBXNativeTarget "World of AirportsTests" */ = {
			isa = XCConfigurationList;
			buildConfigurations = (
				F5CD23381A4115CB001BB829 /* Debug */,
				F5CD23391A4115CB001BB829 /* Release */,
			);
			defaultConfigurationIsVisible = 0;
		};
/* End XCConfigurationList section */
	};
	rootObject = F5CD23091A4115CB001BB829 /* Project object */;
}
